
Microsoft Visual Studio Solution File, Format Version 12.00
# Visual Studio Version 17
VisualStudioVersion = 17.6.33723.286
MinimumVisualStudioVersion = 10.0.40219.1
Project("{2150E333-8FDC-42A3-9474-1A3956D46DE8}") = "FrontEnd", "FrontEnd", "{10A41570-2584-4FF0-93F1-AA4368D7AFA3}"
EndProject
Project("{2150E333-8FDC-42A3-9474-1A3956D46DE8}") = "Services", "Services", "{55BF14B6-F81C-4DF0-A2C8-BC64AD9C7829}"
EndProject
Project("{FAE04EC0-301F-11D3-BF4B-00C04F79EFBC}") = "Shopping.Web", "Shopping.Web\Shopping.Web.csproj", "{6593AC0F-7931-467F-BBB3-F49C3B48A9E3}"
EndProject
Project("{FAE04EC0-301F-11D3-BF4B-00C04F79EFBC}") = "Shopping.ProductApi", "Shopping.ProductApi\Shopping.ProductApi.csproj", "{F45718D3-89EC-4595-B4A5-49B84F56F0D4}"
EndProject
Global
	GlobalSection(SolutionConfigurationPlatforms) = preSolution
		Debug|Any CPU = Debug|Any CPU
		Release|Any CPU = Release|Any CPU
	EndGlobalSection
	GlobalSection(ProjectConfigurationPlatforms) = postSolution
		{6593AC0F-7931-467F-BBB3-F49C3B48A9E3}.Debug|Any CPU.ActiveCfg = Debug|Any CPU
		{6593AC0F-7931-467F-BBB3-F49C3B48A9E3}.Debug|Any CPU.Build.0 = Debug|Any CPU
		{6593AC0F-7931-467F-BBB3-F49C3B48A9E3}.Release|Any CPU.ActiveCfg = Release|Any CPU
		{6593AC0F-7931-467F-BBB3-F49C3B48A9E3}.Release|Any CPU.Build.0 = Release|Any CPU
		{F45718D3-89EC-4595-B4A5-49B84F56F0D4}.Debug|Any CPU.ActiveCfg = Debug|Any CPU
		{F45718D3-89EC-4595-B4A5-49B84F56F0D4}.Debug|Any CPU.Build.0 = Debug|Any CPU
		{F45718D3-89EC-4595-B4A5-49B84F56F0D4}.Release|Any CPU.ActiveCfg = Release|Any CPU
		{F45718D3-89EC-4595-B4A5-49B84F56F0D4}.Release|Any CPU.Build.0 = Release|Any CPU
	EndGlobalSection
	GlobalSection(SolutionProperties) = preSolution
		HideSolutionNode = FALSE
	EndGlobalSection
	GlobalSection(NestedProjects) = preSolution
		{6593AC0F-7931-467F-BBB3-F49C3B48A9E3} = {10A41570-2584-4FF0-93F1-AA4368D7AFA3}
		{F45718D3-89EC-4595-B4A5-49B84F56F0D4} = {55BF14B6-F81C-4DF0-A2C8-BC64AD9C7829}
	EndGlobalSection
	GlobalSection(ExtensibilityGlobals) = postSolution
		SolutionGuid = {B1D05D21-EC80-4CD1-BB81-7A32F6E3F0CE}
	EndGlobalSection
EndGlobal
